// !$*UTF8*$!
{
	archiveVersion = 1;
	classes = {
	};
	objectVersion = 46;
	objects = {

/* Begin PBXBuildFile section */
		850A7FBA1D3E0090000D4F7F /* SonViewController.m in Sources */ = {isa = PBXBuildFile; fileRef = 850A7FB81D3E0090000D4F7F /* SonViewController.m */; };
		850A7FBB1D3E0090000D4F7F /* SonViewController.xib in Resources */ = {isa = PBXBuildFile; fileRef = 850A7FB91D3E0090000D4F7F /* SonViewController.xib */; };
		851A46FB1D1A60890095752B /* main.m in Sources */ = {isa = PBXBuildFile; fileRef = 851A46FA1D1A60890095752B /* main.m */; };
		851A46FE1D1A60890095752B /* AppDelegate.m in Sources */ = {isa = PBXBuildFile; fileRef = 851A46FD1D1A60890095752B /* AppDelegate.m */; };
		851A47011D1A60890095752B /* ACEViewController.m in Sources */ = {isa = PBXBuildFile; fileRef = 851A47001D1A60890095752B /* ACEViewController.m */; };
		851A47041D1A60890095752B /* Main.storyboard in Resources */ = {isa = PBXBuildFile; fileRef = 851A47021D1A60890095752B /* Main.storyboard */; };
		851A47061D1A60890095752B /* Assets.xcassets in Resources */ = {isa = PBXBuildFile; fileRef = 851A47051D1A60890095752B /* Assets.xcassets */; };
		851A47091D1A60890095752B /* LaunchScreen.storyboard in Resources */ = {isa = PBXBuildFile; fileRef = 851A47071D1A60890095752B /* LaunchScreen.storyboard */; };
		851A47141D1A60890095752B /* scrollPageTests.m in Sources */ = {isa = PBXBuildFile; fileRef = 851A47131D1A60890095752B /* scrollPageTests.m */; };
		851A471F1D1A60890095752B /* scrollPageUITests.m in Sources */ = {isa = PBXBuildFile; fileRef = 851A471E1D1A60890095752B /* scrollPageUITests.m */; };
		85FADB221D3DDF4D00797DE6 /* abbccc.m in Sources */ = {isa = PBXBuildFile; fileRef = 85FADB201D3DDF4D00797DE6 /* abbccc.m */; };
		85FADB231D3DDF4D00797DE6 /* abbccc.xib in Resources */ = {isa = PBXBuildFile; fileRef = 85FADB211D3DDF4D00797DE6 /* abbccc.xib */; };
/* End PBXBuildFile section */

/* Begin PBXContainerItemProxy section */
		851A47101D1A60890095752B /* PBXContainerItemProxy */ = {
			isa = PBXContainerItemProxy;
			containerPortal = 851A46EE1D1A60890095752B /* Project object */;
			proxyType = 1;
			remoteGlobalIDString = 851A46F51D1A60890095752B;
			remoteInfo = scrollPage;
		};
		851A471B1D1A60890095752B /* PBXContainerItemProxy */ = {
			isa = PBXContainerItemProxy;
			containerPortal = 851A46EE1D1A60890095752B /* Project object */;
			proxyType = 1;
			remoteGlobalIDString = 851A46F51D1A60890095752B;
			remoteInfo = scrollPage;
		};
/* End PBXContainerItemProxy section */

/* Begin PBXFileReference section */
		850A7FB71D3E0090000D4F7F /* SonViewController.h */ = {isa = PBXFileReference; fileEncoding = 4; lastKnownFileType = sourcecode.c.h; path = SonViewController.h; sourceTree = "<group>"; };
		850A7FB81D3E0090000D4F7F /* SonViewController.m */ = {isa = PBXFileReference; fileEncoding = 4; lastKnownFileType = sourcecode.c.objc; path = SonViewController.m; sourceTree = "<group>"; };
		850A7FB91D3E0090000D4F7F /* SonViewController.xib */ = {isa = PBXFileReference; fileEncoding = 4; lastKnownFileType = file.xib; path = SonViewController.xib; sourceTree = "<group>"; };
		851A46F61D1A60890095752B /* scrollPage.app */ = {isa = PBXFileReference; explicitFileType = wrapper.application; includeInIndex = 0; path = scrollPage.app; sourceTree = BUILT_PRODUCTS_DIR; };
		851A46FA1D1A60890095752B /* main.m */ = {isa = PBXFileReference; lastKnownFileType = sourcecode.c.objc; path = main.m; sourceTree = "<group>"; };
		851A46FC1D1A60890095752B /* AppDelegate.h */ = {isa = PBXFileReference; lastKnownFileType = sourcecode.c.h; path = AppDelegate.h; sourceTree = "<group>"; };
		851A46FD1D1A60890095752B /* AppDelegate.m */ = {isa = PBXFileReference; lastKnownFileType = sourcecode.c.objc; path = AppDelegate.m; sourceTree = "<group>"; };
		851A46FF1D1A60890095752B /* ACEViewController.h */ = {isa = PBXFileReference; lastKnownFileType = sourcecode.c.h; path = ACEViewController.h; sourceTree = "<group>"; };
		851A47001D1A60890095752B /* ACEViewController.m */ = {isa = PBXFileReference; lastKnownFileType = sourcecode.c.objc; path = ACEViewController.m; sourceTree = "<group>"; };
		851A47031D1A60890095752B /* Base */ = {isa = PBXFileReference; lastKnownFileType = file.storyboard; name = Base; path = Base.lproj/Main.storyboard; sourceTree = "<group>"; };
		851A47051D1A60890095752B /* Assets.xcassets */ = {isa = PBXFileReference; lastKnownFileType = folder.assetcatalog; path = Assets.xcassets; sourceTree = "<group>"; };
		851A47081D1A60890095752B /* Base */ = {isa = PBXFileReference; lastKnownFileType = file.storyboard; name = Base; path = Base.lproj/LaunchScreen.storyboard; sourceTree = "<group>"; };
		851A470A1D1A60890095752B /* Info.plist */ = {isa = PBXFileReference; lastKnownFileType = text.plist.xml; path = Info.plist; sourceTree = "<group>"; };
		851A470F1D1A60890095752B /* scrollPageTests.xctest */ = {isa = PBXFileReference; explicitFileType = wrapper.cfbundle; includeInIndex = 0; path = scrollPageTests.xctest; sourceTree = BUILT_PRODUCTS_DIR; };
		851A47131D1A60890095752B /* scrollPageTests.m */ = {isa = PBXFileReference; lastKnownFileType = sourcecode.c.objc; path = scrollPageTests.m; sourceTree = "<group>"; };
		851A47151D1A60890095752B /* Info.plist */ = {isa = PBXFileReference; lastKnownFileType = text.plist.xml; path = Info.plist; sourceTree = "<group>"; };
		851A471A1D1A60890095752B /* scrollPageUITests.xctest */ = {isa = PBXFileReference; explicitFileType = wrapper.cfbundle; includeInIndex = 0; path = scrollPageUITests.xctest; sourceTree = BUILT_PRODUCTS_DIR; };
		851A471E1D1A60890095752B /* scrollPageUITests.m */ = {isa = PBXFileReference; lastKnownFileType = sourcecode.c.objc; path = scrollPageUITests.m; sourceTree = "<group>"; };
		851A47201D1A60890095752B /* Info.plist */ = {isa = PBXFileReference; lastKnownFileType = text.plist.xml; path = Info.plist; sourceTree = "<group>"; };
		85FADB1F1D3DDF4D00797DE6 /* abbccc.h */ = {isa = PBXFileReference; fileEncoding = 4; lastKnownFileType = sourcecode.c.h; path = abbccc.h; sourceTree = "<group>"; };
		85FADB201D3DDF4D00797DE6 /* abbccc.m */ = {isa = PBXFileReference; fileEncoding = 4; lastKnownFileType = sourcecode.c.objc; path = abbccc.m; sourceTree = "<group>"; };
		85FADB211D3DDF4D00797DE6 /* abbccc.xib */ = {isa = PBXFileReference; fileEncoding = 4; lastKnownFileType = file.xib; path = abbccc.xib; sourceTree = "<group>"; };
/* End PBXFileReference section */

/* Begin PBXFrameworksBuildPhase section */
		851A46F31D1A60890095752B /* Frameworks */ = {
			isa = PBXFrameworksBuildPhase;
			buildActionMask = 2147483647;
			files = (
			);
			runOnlyForDeploymentPostprocessing = 0;
		};
		851A470C1D1A60890095752B /* Frameworks */ = {
			isa = PBXFrameworksBuildPhase;
			buildActionMask = 2147483647;
			files = (
			);
			runOnlyForDeploymentPostprocessing = 0;
		};
		851A47171D1A60890095752B /* Frameworks */ = {
			isa = PBXFrameworksBuildPhase;
			buildActionMask = 2147483647;
			files = (
			);
			runOnlyForDeploymentPostprocessing = 0;
		};
/* End PBXFrameworksBuildPhase section */

/* Begin PBXGroup section */
		851A46ED1D1A60890095752B = {
			isa = PBXGroup;
			children = (
				851A46F81D1A60890095752B /* scrollPage */,
				851A47121D1A60890095752B /* scrollPageTests */,
				851A471D1D1A60890095752B /* scrollPageUITests */,
				851A46F71D1A60890095752B /* Products */,
			);
			sourceTree = "<group>";
		};
		851A46F71D1A60890095752B /* Products */ = {
			isa = PBXGroup;
			children = (
				851A46F61D1A60890095752B /* scrollPage.app */,
				851A470F1D1A60890095752B /* scrollPageTests.xctest */,
				851A471A1D1A60890095752B /* scrollPageUITests.xctest */,
			);
			name = Products;
			sourceTree = "<group>";
		};
		851A46F81D1A60890095752B /* scrollPage */ = {
			isa = PBXGroup;
			children = (
				851A46FC1D1A60890095752B /* AppDelegate.h */,
				851A46FD1D1A60890095752B /* AppDelegate.m */,
				851A46FF1D1A60890095752B /* ACEViewController.h */,
				851A47001D1A60890095752B /* ACEViewController.m */,
				851A47021D1A60890095752B /* Main.storyboard */,
				851A47051D1A60890095752B /* Assets.xcassets */,
				851A47071D1A60890095752B /* LaunchScreen.storyboard */,
				851A470A1D1A60890095752B /* Info.plist */,
				851A46F91D1A60890095752B /* Supporting Files */,
				85FADB1F1D3DDF4D00797DE6 /* abbccc.h */,
				85FADB201D3DDF4D00797DE6 /* abbccc.m */,
				85FADB211D3DDF4D00797DE6 /* abbccc.xib */,
				850A7FB71D3E0090000D4F7F /* SonViewController.h */,
				850A7FB81D3E0090000D4F7F /* SonViewController.m */,
				850A7FB91D3E0090000D4F7F /* SonViewController.xib */,
			);
			path = scrollPage;
			sourceTree = "<group>";
		};
		851A46F91D1A60890095752B /* Supporting Files */ = {
			isa = PBXGroup;
			children = (
				851A46FA1D1A60890095752B /* main.m */,
			);
			name = "Supporting Files";
			sourceTree = "<group>";
		};
		851A47121D1A60890095752B /* scrollPageTests */ = {
			isa = PBXGroup;
			children = (
				851A47131D1A60890095752B /* scrollPageTests.m */,
				851A47151D1A60890095752B /* Info.plist */,
			);
			path = scrollPageTests;
			sourceTree = "<group>";
		};
		851A471D1D1A60890095752B /* scrollPageUITests */ = {
			isa = PBXGroup;
			children = (
				851A471E1D1A60890095752B /* scrollPageUITests.m */,
				851A47201D1A60890095752B /* Info.plist */,
			);
			path = scrollPageUITests;
			sourceTree = "<group>";
		};
/* End PBXGroup section */

/* Begin PBXNativeTarget section */
		851A46F51D1A60890095752B /* scrollPage */ = {
			isa = PBXNativeTarget;
			buildConfigurationList = 851A47231D1A60890095752B /* Build configuration list for PBXNativeTarget "scrollPage" */;
			buildPhases = (
				851A46F21D1A60890095752B /* Sources */,
				851A46F31D1A60890095752B /* Frameworks */,
				851A46F41D1A60890095752B /* Resources */,
			);
			buildRules = (
			);
			dependencies = (
			);
			name = scrollPage;
			productName = scrollPage;
			productReference = 851A46F61D1A60890095752B /* scrollPage.app */;
			productType = "com.apple.product-type.application";
		};
		851A470E1D1A60890095752B /* scrollPageTests */ = {
			isa = PBXNativeTarget;
			buildConfigurationList = 851A47261D1A60890095752B /* Build configuration list for PBXNativeTarget "scrollPageTests" */;
			buildPhases = (
				851A470B1D1A60890095752B /* Sources */,
				851A470C1D1A60890095752B /* Frameworks */,
				851A470D1D1A60890095752B /* Resources */,
			);
			buildRules = (
			);
			dependencies = (
				851A47111D1A60890095752B /* PBXTargetDependency */,
			);
			name = scrollPageTests;
			productName = scrollPageTests;
			productReference = 851A470F1D1A60890095752B /* scrollPageTests.xctest */;
			productType = "com.apple.product-type.bundle.unit-test";
		};
		851A47191D1A60890095752B /* scrollPageUITests */ = {
			isa = PBXNativeTarget;
			buildConfigurationList = 851A47291D1A60890095752B /* Build configuration list for PBXNativeTarget "scrollPageUITests" */;
			buildPhases = (
				851A47161D1A60890095752B /* Sources */,
				851A47171D1A60890095752B /* Frameworks */,
				851A47181D1A60890095752B /* Resources */,
			);
			buildRules = (
			);
			dependencies = (
				851A471C1D1A60890095752B /* PBXTargetDependency */,
			);
			name = scrollPageUITests;
			productName = scrollPageUITests;
			productReference = 851A471A1D1A60890095752B /* scrollPageUITests.xctest */;
			productType = "com.apple.product-type.bundle.ui-testing";
		};
/* End PBXNativeTarget section */

/* Begin PBXProject section */
		851A46EE1D1A60890095752B /* Project object */ = {
			isa = PBXProject;
			attributes = {
				LastUpgradeCheck = 0730;
				ORGANIZATIONNAME = " Zzzxf";
				TargetAttributes = {
					851A46F51D1A60890095752B = {
						CreatedOnToolsVersion = 7.3.1;
					};
					851A470E1D1A60890095752B = {
						CreatedOnToolsVersion = 7.3.1;
						TestTargetID = 851A46F51D1A60890095752B;
					};
					851A47191D1A60890095752B = {
						CreatedOnToolsVersion = 7.3.1;
						TestTargetID = 851A46F51D1A60890095752B;
					};
				};
			};
			buildConfigurationList = 851A46F11D1A60890095752B /* Build configuration list for PBXProject "scrollPage" */;
			compatibilityVersion = "Xcode 3.2";
			developmentRegion = English;
			hasScannedForEncodings = 0;
			knownRegions = (
				en,
				Base,
			);
			mainGroup = 851A46ED1D1A60890095752B;
			productRefGroup = 851A46F71D1A60890095752B /* Products */;
			projectDirPath = "";
			projectRoot = "";
			targets = (
				851A46F51D1A60890095752B /* scrollPage */,
				851A470E1D1A60890095752B /* scrollPageTests */,
				851A47191D1A60890095752B /* scrollPageUITests */,
			);
		};
/* End PBXProject section */

/* Begin PBXResourcesBuildPhase section */
		851A46F41D1A60890095752B /* Resources */ = {
			isa = PBXResourcesBuildPhase;
			buildActionMask = 2147483647;
			files = (
				851A47091D1A60890095752B /* LaunchScreen.storyboard in Resources */,
				850A7FBB1D3E0090000D4F7F /* SonViewController.xib in Resources */,
				851A47061D1A60890095752B /* Assets.xcassets in Resources */,
				85FADB231D3DDF4D00797DE6 /* abbccc.xib in Resources */,
				851A47041D1A60890095752B /* Main.storyboard in Resources */,
			);
			runOnlyForDeploymentPostprocessing = 0;
		};
		851A470D1D1A60890095752B /* Resources */ = {
			isa = PBXResourcesBuildPhase;
			buildActionMask = 2147483647;
			files = (
			);
			runOnlyForDeploymentPostprocessing = 0;
		};
		851A47181D1A60890095752B /* Resources */ = {
			isa = PBXResourcesBuildPhase;
			buildActionMask = 2147483647;
			files = (
			);
			runOnlyForDeploymentPostprocessing = 0;
		};
/* End PBXResourcesBuildPhase section */

/* Begin PBXSourcesBuildPhase section */
		851A46F21D1A60890095752B /* Sources */ = {
			isa = PBXSourcesBuildPhase;
			buildActionMask = 2147483647;
			files = (
				851A47011D1A60890095752B /* ACEViewController.m in Sources */,
				851A46FE1D1A60890095752B /* AppDelegate.m in Sources */,
				85FADB221D3DDF4D00797DE6 /* abbccc.m in Sources */,
				850A7FBA1D3E0090000D4F7F /* SonViewController.m in Sources */,
				851A46FB1D1A60890095752B /* main.m in Sources */,
			);
			runOnlyForDeploymentPostprocessing = 0;
		};
		851A470B1D1A60890095752B /* Sources */ = {
			isa = PBXSourcesBuildPhase;
			buildActionMask = 2147483647;
			files = (
				851A47141D1A60890095752B /* scrollPageTests.m in Sources */,
			);
			runOnlyForDeploymentPostprocessing = 0;
		};
		851A47161D1A60890095752B /* Sources */ = {
			isa = PBXSourcesBuildPhase;
			buildActionMask = 2147483647;
			files = (
				851A471F1D1A60890095752B /* scrollPageUITests.m in Sources */,
			);
			runOnlyForDeploymentPostprocessing = 0;
		};
/* End PBXSourcesBuildPhase section */

/* Begin PBXTargetDependency section */
		851A47111D1A60890095752B /* PBXTargetDependency */ = {
			isa = PBXTargetDependency;
			target = 851A46F51D1A60890095752B /* scrollPage */;
			targetProxy = 851A47101D1A60890095752B /* PBXContainerItemProxy */;
		};
		851A471C1D1A60890095752B /* PBXTargetDependency */ = {
			isa = PBXTargetDependency;
			target = 851A46F51D1A60890095752B /* scrollPage */;
			targetProxy = 851A471B1D1A60890095752B /* PBXContainerItemProxy */;
		};
/* End PBXTargetDependency section */

/* Begin PBXVariantGroup section */
		851A47021D1A60890095752B /* Main.storyboard */ = {
			isa = PBXVariantGroup;
			children = (
				851A47031D1A60890095752B /* Base */,
			);
			name = Main.storyboard;
			sourceTree = "<group>";
		};
		851A47071D1A60890095752B /* LaunchScreen.storyboard */ = {
			isa = PBXVariantGroup;
			children = (
				851A47081D1A60890095752B /* Base */,
			);
			name = LaunchScreen.storyboard;
			sourceTree = "<group>";
		};
/* End PBXVariantGroup section */

/* Begin XCBuildConfiguration section */
		851A47211D1A60890095752B /* Debug */ = {
			isa = XCBuildConfiguration;
			buildSettings = {
				ALWAYS_SEARCH_USER_PATHS = NO;
				CLANG_ANALYZER_NONNULL = YES;
				CLANG_CXX_LANGUAGE_STANDARD = "gnu++0x";
				CLANG_CXX_LIBRARY = "libc++";
				CLANG_ENABLE_MODULES = YES;
				CLANG_ENABLE_OBJC_ARC = YES;
				CLANG_WARN_BOOL_CONVERSION = YES;
				CLANG_WARN_CONSTANT_CONVERSION = YES;
				CLANG_WARN_DIRECT_OBJC_ISA_USAGE = YES_ERROR;
				CLANG_WARN_EMPTY_BODY = YES;
				CLANG_WARN_ENUM_CONVERSION = YES;
				CLANG_WARN_INT_CONVERSION = YES;
				CLANG_WARN_OBJC_ROOT_CLASS = YES_ERROR;
				CLANG_WARN_UNREACHABLE_CODE = YES;
				CLANG_WARN__DUPLICATE_METHOD_MATCH = YES;
				"CODE_SIGN_IDENTITY[sdk=iphoneos*]" = "iPhone Developer";
				COPY_PHASE_STRIP = NO;
				DEBUG_INFORMATION_FORMAT = dwarf;
				ENABLE_STRICT_OBJC_MSGSEND = YES;
				ENABLE_TESTABILITY = YES;
				GCC_C_LANGUAGE_STANDARD = gnu99;
				GCC_DYNAMIC_NO_PIC = NO;
				GCC_NO_COMMON_BLOCKS = YES;
				GCC_OPTIMIZATION_LEVEL = 0;
				GCC_PREPROCESSOR_DEFINITIONS = (
					"DEBUG=1",
					"$(inherited)",
				);
				GCC_WARN_64_TO_32_BIT_CONVERSION = YES;
				GCC_WARN_ABOUT_RETURN_TYPE = YES_ERROR;
				GCC_WARN_UNDECLARED_SELECTOR = YES;
				GCC_WARN_UNINITIALIZED_AUTOS = YES_AGGRESSIVE;
				GCC_WARN_UNUSED_FUNCTION = YES;
				GCC_WARN_UNUSED_VARIABLE = YES;
				IPHONEOS_DEPLOYMENT_TARGET = 9.3;
				MTL_ENABLE_DEBUG_INFO = YES;
				ONLY_ACTIVE_ARCH = YES;
				SDKROOT = iphoneos;
			};
			name = Debug;
		};
		851A47221D1A60890095752B /* Release */ = {
			isa = XCBuildConfiguration;
			buildSettings = {
				ALWAYS_SEARCH_USER_PATHS = NO;
				CLANG_ANALYZER_NONNULL = YES;
				CLANG_CXX_LANGUAGE_STANDARD = "gnu++0x";
				CLANG_CXX_LIBRARY = "libc++";
				CLANG_ENABLE_MODULES = YES;
				CLANG_ENABLE_OBJC_ARC = YES;
				CLANG_WARN_BOOL_CONVERSION = YES;
				CLANG_WARN_CONSTANT_CONVERSION = YES;
				CLANG_WARN_DIRECT_OBJC_ISA_USAGE = YES_ERROR;
				CLANG_WARN_EMPTY_BODY = YES;
				CLANG_WARN_ENUM_CONVERSION = YES;
				CLANG_WARN_INT_CONVERSION = YES;
				CLANG_WARN_OBJC_ROOT_CLASS = YES_ERROR;
				CLANG_WARN_UNREACHABLE_CODE = YES;
				CLANG_WARN__DUPLICATE_METHOD_MATCH = YES;
				"CODE_SIGN_IDENTITY[sdk=iphoneos*]" = "iPhone Developer";
				COPY_PHASE_STRIP = NO;
				DEBUG_INFORMATION_FORMAT = "dwarf-with-dsym";
				ENABLE_NS_ASSERTIONS = NO;
				ENABLE_STRICT_OBJC_MSGSEND = YES;
				GCC_C_LANGUAGE_STANDARD = gnu99;
				GCC_NO_COMMON_BLOCKS = YES;
				GCC_WARN_64_TO_32_BIT_CONVERSION = YES;
				GCC_WARN_ABOUT_RETURN_TYPE = YES_ERROR;
				GCC_WARN_UNDECLARED_SELECTOR = YES;
				GCC_WARN_UNINITIALIZED_AUTOS = YES_AGGRESSIVE;
				GCC_WARN_UNUSED_FUNCTION = YES;
				GCC_WARN_UNUSED_VARIABLE = YES;
				IPHONEOS_DEPLOYMENT_TARGET = 9.3;
				MTL_ENABLE_DEBUG_INFO = NO;
				SDKROOT = iphoneos;
				VALIDATE_PRODUCT = YES;
			};
			name = Release;
		};
		851A47241D1A60890095752B /* Debug */ = {
			isa = XCBuildConfiguration;
			buildSettings = {
				ASSETCATALOG_COMPILER_APPICON_NAME = AppIcon;
				INFOPLIST_FILE = scrollPage/Info.plist;
				LD_RUNPATH_SEARCH_PATHS = "$(inherited) @executable_path/Frameworks";
				PRODUCT_BUNDLE_IDENTIFIER = kl.scrollPage;
				PRODUCT_NAME = "$(TARGET_NAME)";
			};
			name = Debug;
		};
		851A47251D1A60890095752B /* Release */ = {
			isa = XCBuildConfiguration;
			buildSettings = {
				ASSETCATALOG_COMPILER_APPICON_NAME = AppIcon;
				INFOPLIST_FILE = scrollPage/Info.plist;
				LD_RUNPATH_SEARCH_PATHS = "$(inherited) @executable_path/Frameworks";
				PRODUCT_BUNDLE_IDENTIFIER = kl.scrollPage;
				PRODUCT_NAME = "$(TARGET_NAME)";
			};
			name = Release;
		};
		851A47271D1A60890095752B /* Debug */ = {
			isa = XCBuildConfiguration;
			buildSettings = {
				BUNDLE_LOADER = "$(TEST_HOST)";
				INFOPLIST_FILE = scrollPageTests/Info.plist;
				LD_RUNPATH_SEARCH_PATHS = "$(inherited) @executable_path/Frameworks @loader_path/Frameworks";
				PRODUCT_BUNDLE_IDENTIFIER = kl.scrollPageTests;
				PRODUCT_NAME = "$(TARGET_NAME)";
				TEST_HOST = "$(BUILT_PRODUCTS_DIR)/scrollPage.app/scrollPage";
			};
			name = Debug;
		};
		851A47281D1A60890095752B /* Release */ = {
			isa = XCBuildConfiguration;
			buildSettings = {
				BUNDLE_LOADER = "$(TEST_HOST)";
				INFOPLIST_FILE = scrollPageTests/Info.plist;
				LD_RUNPATH_SEARCH_PATHS = "$(inherited) @executable_path/Frameworks @loader_path/Frameworks";
				PRODUCT_BUNDLE_IDENTIFIER = kl.scrollPageTests;
				PRODUCT_NAME = "$(TARGET_NAME)";
				TEST_HOST = "$(BUILT_PRODUCTS_DIR)/scrollPage.app/scrollPage";
			};
			name = Release;
		};
		851A472A1D1A60890095752B /* Debug */ = {
			isa = XCBuildConfiguration;
			buildSettings = {
				INFOPLIST_FILE = scrollPageUITests/Info.plist;
				LD_RUNPATH_SEARCH_PATHS = "$(inherited) @executable_path/Frameworks @loader_path/Frameworks";
				PRODUCT_BUNDLE_IDENTIFIER = kl.scrollPageUITests;
				PRODUCT_NAME = "$(TARGET_NAME)";
				TEST_TARGET_NAME = scrollPage;
			};
			name = Debug;
		};
		851A472B1D1A60890095752B /* Release */ = {
			isa = XCBuildConfiguration;
			buildSettings = {
				INFOPLIST_FILE = scrollPageUITests/Info.plist;
				LD_RUNPATH_SEARCH_PATHS = "$(inherited) @executable_path/Frameworks @loader_path/Frameworks";
				PRODUCT_BUNDLE_IDENTIFIER = kl.scrollPageUITests;
				PRODUCT_NAME = "$(TARGET_NAME)";
				TEST_TARGET_NAME = scrollPage;
			};
			name = Release;
		};
/* End XCBuildConfiguration section */

/* Begin XCConfigurationList section */
		851A46F11D1A60890095752B /* Build configuration list for PBXProject "scrollPage" */ = {
			isa = XCConfigurationList;
			buildConfigurations = (
				851A47211D1A60890095752B /* Debug */,
				851A47221D1A60890095752B /* Release */,
			);
			defaultConfigurationIsVisible = 0;
			defaultConfigurationName = Release;
		};
		851A47231D1A60890095752B /* Build configuration list for PBXNativeTarget "scrollPage" */ = {
			isa = XCConfigurationList;
			buildConfigurations = (
				851A47241D1A60890095752B /* Debug */,
				851A47251D1A60890095752B /* Release */,
			);
			defaultConfigurationIsVisible = 0;
			defaultConfigurationName = Release;
		};
		851A47261D1A60890095752B /* Build configuration list for PBXNativeTarget "scrollPageTests" */ = {
			isa = XCConfigurationList;
			buildConfigurations = (
				851A47271D1A60890095752B /* Debug */,
				851A47281D1A60890095752B /* Release */,
			);
			defaultConfigurationIsVisible = 0;
			defaultConfigurationName = Release;
		};
		851A47291D1A60890095752B /* Build configuration list for PBXNativeTarget "scrollPageUITests" */ = {
			isa = XCConfigurationList;
			buildConfigurations = (
				851A472A1D1A60890095752B /* Debug */,
				851A472B1D1A60890095752B /* Release */,
			);
			defaultConfigurationIsVisible = 0;
			defaultConfigurationName = Release;
		};
/* End XCConfigurationList section */
	};
	rootObject = 851A46EE1D1A60890095752B /* Project object */;
}
